
Microsoft Visual Studio Solution File, Format Version 12.00
# Visual Studio Version 17
VisualStudioVersion = 17.5.33516.290
MinimumVisualStudioVersion = 10.0.40219.1
Project("{FAE04EC0-301F-11D3-BF4B-00C04F79EFBC}") = "MvcMarcaModelo", "MvcMarcaModelo\MvcMarcaModelo.csproj", "{BB2D879C-848F-4A05-B95E-147FF11B92E5}"
EndProject
Project("{FAE04EC0-301F-11D3-BF4B-00C04F79EFBC}") = "ImportaDados", "ImportaDados\ImportaDados.csproj", "{58251128-068A-4B64-BAB9-E7359EFC7912}"
EndProject
Global
	GlobalSection(SolutionConfigurationPlatforms) = preSolution
		Debug|Any CPU = Debug|Any CPU
		Release|Any CPU = Release|Any CPU
	EndGlobalSection
	GlobalSection(ProjectConfigurationPlatforms) = postSolution
		{BB2D879C-848F-4A05-B95E-147FF11B92E5}.Debug|Any CPU.ActiveCfg = Debug|Any CPU
		{BB2D879C-848F-4A05-B95E-147FF11B92E5}.Debug|Any CPU.Build.0 = Debug|Any CPU
		{BB2D879C-848F-4A05-B95E-147FF11B92E5}.Release|Any CPU.ActiveCfg = Release|Any CPU
		{BB2D879C-848F-4A05-B95E-147FF11B92E5}.Release|Any CPU.Build.0 = Release|Any CPU
		{58251128-068A-4B64-BAB9-E7359EFC7912}.Debug|Any CPU.ActiveCfg = Debug|Any CPU
		{58251128-068A-4B64-BAB9-E7359EFC7912}.Debug|Any CPU.Build.0 = Debug|Any CPU
		{58251128-068A-4B64-BAB9-E7359EFC7912}.Release|Any CPU.ActiveCfg = Release|Any CPU
		{58251128-068A-4B64-BAB9-E7359EFC7912}.Release|Any CPU.Build.0 = Release|Any CPU
	EndGlobalSection
	GlobalSection(SolutionProperties) = preSolution
		HideSolutionNode = FALSE
	EndGlobalSection
	GlobalSection(ExtensibilityGlobals) = postSolution
		SolutionGuid = {1FEB858E-BFB4-4442-8651-99625E145938}
	EndGlobalSection
EndGlobal
